<?xml version="1.0" encoding="utf-8"?>
<Project ToolsVersion="4.0" xmlns="http://schemas.microsoft.com/developer/msbuild/2003">
  <ItemGroup>
    <Filter Include="Source Files">
      <UniqueIdentifier>{4FC737F1-C7A5-4376-A066-2A32D752A2FF}</UniqueIdentifier>
      <Extensions>cpp;c;cc;cxx;c++;cppm;ixx;def;odl;idl;hpj;bat;asm;asmx</Extensions>
    </Filter>
    <Filter Include="Header Files">
      <UniqueIdentifier>{93995380-89BD-4b04-88EB-625FBE52EBFB}</UniqueIdentifier>
      <Extensions>h;hh;hpp;hxx;h++;hm;inl;inc;ipp;xsd</Extensions>
    </Filter>
    <Filter Include="Header Files\Models">
      <UniqueIdentifier>{A1B2C3D4-E5F6-7890-ABCD-EF1234567890}</UniqueIdentifier>
    </Filter>
    <Filter Include="Header Files\Services">
      <UniqueIdentifier>{B2C3D4E5-F6A7-8901-BCDE-F12345678901}</UniqueIdentifier>
    </Filter>
    <Filter Include="Header Files\Data">
      <UniqueIdentifier>{C3D4E5F6-A7B8-9012-CDEF-123456789012}</UniqueIdentifier>
    </Filter>
    <Filter Include="Source Files\Data">
      <UniqueIdentifier>{D4E5F6A7-B8C9-0123-DEF0-234567890123}</UniqueIdentifier>
    </Filter>
    <Filter Include="Source Files\Services">
      <UniqueIdentifier>{E5F6A7B8-C9D0-1234-EF01-345678901234}</UniqueIdentifier>
    </Filter>
  </ItemGroup>
  <ItemGroup>
    <ClCompile Include="Data\DatabaseManager.cpp">
      <Filter>Source Files\Data</Filter>
    </ClCompile>
    <ClCompile Include="DeviceEditForm.cpp">
      <Filter>Source Files</Filter>
    </ClCompile>
    <ClCompile Include="KeyAssignForm.cpp">
      <Filter>Source Files</Filter>
    </ClCompile>
    <ClCompile Include="KeyEditForm.cpp">
      <Filter>Source Files</Filter>
    </ClCompile>
    <ClCompile Include="MainForm.cpp">
      <Filter>Source Files</Filter>
    </ClCompile>
    <ClCompile Include="ProgressForm.cpp">
      <Filter>Source Files</Filter>
    </ClCompile>
    <ClCompile Include="Program.cpp">
      <Filter>Source Files</Filter>
    </ClCompile>
    <ClCompile Include="Services\DeviceService.cpp">
      <Filter>Source Files\Services</Filter>
    </ClCompile>
    <ClCompile Include="Services\KeyService.cpp">
      <Filter>Source Files\Services</Filter>
    </ClCompile>
    <ClCompile Include="Services\MonitoringService.cpp">
      <Filter>Source Files\Services</Filter>
    </ClCompile>
  </ItemGroup>
  <ItemGroup>
    <ClInclude Include="Data\DatabaseManager.h">
      <Filter>Header Files\Data</Filter>
    </ClInclude>
    <ClInclude Include="DeviceEditForm.h">
      <Filter>Header Files</Filter>
    </ClInclude>
    <ClInclude Include="KeyAssignForm.h">
      <Filter>Header Files</Filter>
    </ClInclude>
    <ClInclude Include="KeyEditForm.h">
      <Filter>Header Files</Filter>
    </ClInclude>
    <ClInclude Include="MainForm.h">
      <Filter>Header Files</Filter>
    </ClInclude>
    <ClInclude Include="ProgressForm.h">
      <Filter>Header Files</Filter>
    </ClInclude>
    <ClInclude Include="Models\Device.h">
      <Filter>Header Files\Models</Filter>
    </ClInclude>
    <ClInclude Include="Models\KeyAssignment.h">
      <Filter>Header Files\Models</Filter>
    </ClInclude>
    <ClInclude Include="Models\KeyItem.h">
      <Filter>Header Files\Models</Filter>
    </ClInclude>
    <ClInclude Include="Services\DeviceService.h">
      <Filter>Header Files\Services</Filter>
    </ClInclude>
    <ClInclude Include="Services\KeyService.h">
      <Filter>Header Files\Services</Filter>
    </ClInclude>
    <ClInclude Include="Services\MonitoringService.h">
      <Filter>Header Files\Services</Filter>
    </ClInclude>
  </ItemGroup>
</Project>
